{
  "name": "my-pilet",
  "version": "1.0.0",
  "lockfileVersion": 1,
  "requires": true,
  "dependencies": {
    "my-app": {
      "version": "file:../my-app/dist/emulator/my-app-1.0.0.tgz",
      "integrity": "sha512-LPuy9JxEVgxToK7MkfszycJFtSZwQV5P0qLl8Gdl0frC8AuYvqqaarFvMsWn5NooWuCnwgMLmRIuUO9IQjfPrg=="
    }
  }
}
